// !$*UTF8*$!
{
	archiveVersion = 1;
	classes = {
	};
	objectVersion = 46;
	objects = {

/* Begin PBXBuildFile section */
		110D05191C2FF7970003C4E9 /* ProgressHUD.bundle in Resources */ = {isa = PBXBuildFile; fileRef = 110D05161C2FF7970003C4E9 /* ProgressHUD.bundle */; };
		110D051A1C2FF7970003C4E9 /* ProgressHUD.m in Sources */ = {isa = PBXBuildFile; fileRef = 110D05181C2FF7970003C4E9 /* ProgressHUD.m */; };
		110D05221C3002290003C4E9 /* GHRootViewController.m in Sources */ = {isa = PBXBuildFile; fileRef = 110D05201C3002290003C4E9 /* GHRootViewController.m */; };
		110D05231C3002290003C4E9 /* GHRootViewController.xib in Resources */ = {isa = PBXBuildFile; fileRef = 110D05211C3002290003C4E9 /* GHRootViewController.xib */; };
		110D05271C30023B0003C4E9 /* GHSearchViewController.m in Sources */ = {isa = PBXBuildFile; fileRef = 110D05251C30023B0003C4E9 /* GHSearchViewController.m */; };
		110D05281C30023B0003C4E9 /* GHSearchViewController.xib in Resources */ = {isa = PBXBuildFile; fileRef = 110D05261C30023B0003C4E9 /* GHSearchViewController.xib */; };
		110D052C1C30024E0003C4E9 /* GHRepositoryViewController.m in Sources */ = {isa = PBXBuildFile; fileRef = 110D052A1C30024E0003C4E9 /* GHRepositoryViewController.m */; };
		110D052D1C30024E0003C4E9 /* GHRepositoryViewController.xib in Resources */ = {isa = PBXBuildFile; fileRef = 110D052B1C30024E0003C4E9 /* GHRepositoryViewController.xib */; };
		110D05311C3002690003C4E9 /* GHRepositoryListViewController.m in Sources */ = {isa = PBXBuildFile; fileRef = 110D052F1C3002690003C4E9 /* GHRepositoryListViewController.m */; };
		110D05321C3002690003C4E9 /* GHRepositoryListViewController.xib in Resources */ = {isa = PBXBuildFile; fileRef = 110D05301C3002690003C4E9 /* GHRepositoryListViewController.xib */; };
		110D05341C3002D70003C4E9 /* LaunchScreen.xib in Resources */ = {isa = PBXBuildFile; fileRef = 110D05331C3002D70003C4E9 /* LaunchScreen.xib */; };
		110D053A1C30223C0003C4E9 /* GHBaseTableView.m in Sources */ = {isa = PBXBuildFile; fileRef = 110D05391C30223C0003C4E9 /* GHBaseTableView.m */; };
		110D053D1C3022650003C4E9 /* GHBaseTableViewController.m in Sources */ = {isa = PBXBuildFile; fileRef = 110D053C1C3022650003C4E9 /* GHBaseTableViewController.m */; };
		110D05411C3025060003C4E9 /* ReachabilityManager.m in Sources */ = {isa = PBXBuildFile; fileRef = 110D05401C3025060003C4E9 /* ReachabilityManager.m */; };
		110D054A1C3099A90003C4E9 /* GHRepositoryListTableViewCell.m in Sources */ = {isa = PBXBuildFile; fileRef = 110D05481C3099A80003C4E9 /* GHRepositoryListTableViewCell.m */; };
		110D054B1C3099A90003C4E9 /* GHRepositoryListTableViewCell.xib in Resources */ = {isa = PBXBuildFile; fileRef = 110D05491C3099A90003C4E9 /* GHRepositoryListTableViewCell.xib */; };
		110D05541C3099DA0003C4E9 /* GHSearchTableViewCell.m in Sources */ = {isa = PBXBuildFile; fileRef = 110D05521C3099DA0003C4E9 /* GHSearchTableViewCell.m */; };
		110D05551C3099DA0003C4E9 /* GHSearchTableViewCell.xib in Resources */ = {isa = PBXBuildFile; fileRef = 110D05531C3099DA0003C4E9 /* GHSearchTableViewCell.xib */; };
		110D055B1C30E7B40003C4E9 /* GHContributorModel.m in Sources */ = {isa = PBXBuildFile; fileRef = 110D055A1C30E7B40003C4E9 /* GHContributorModel.m */; };
		110D055E1C30E7C30003C4E9 /* GHIssueModel.m in Sources */ = {isa = PBXBuildFile; fileRef = 110D055D1C30E7C30003C4E9 /* GHIssueModel.m */; };
		110D05611C30E7D40003C4E9 /* GHRepositoryModel.m in Sources */ = {isa = PBXBuildFile; fileRef = 110D05601C30E7D40003C4E9 /* GHRepositoryModel.m */; };
		110D05651C30E9BF0003C4E9 /* NSDictionary+NullCheck.m in Sources */ = {isa = PBXBuildFile; fileRef = 110D05641C30E9BF0003C4E9 /* NSDictionary+NullCheck.m */; };
		110D05691C30F1140003C4E9 /* GHSearchManager.m in Sources */ = {isa = PBXBuildFile; fileRef = 110D05681C30F1140003C4E9 /* GHSearchManager.m */; };
		110D056C1C30F7610003C4E9 /* NSArray+GHRepositoryModel.m in Sources */ = {isa = PBXBuildFile; fileRef = 110D056B1C30F7610003C4E9 /* NSArray+GHRepositoryModel.m */; };
		110D05771C3128EE0003C4E9 /* GHCommon.m in Sources */ = {isa = PBXBuildFile; fileRef = 110D05761C3128EE0003C4E9 /* GHCommon.m */; };
		110D05821C31347A0003C4E9 /* GHRepositoryIssuesViewController.m in Sources */ = {isa = PBXBuildFile; fileRef = 110D05801C31347A0003C4E9 /* GHRepositoryIssuesViewController.m */; };
		110D05831C31347A0003C4E9 /* GHRepositoryIssuesViewController.xib in Resources */ = {isa = PBXBuildFile; fileRef = 110D05811C31347A0003C4E9 /* GHRepositoryIssuesViewController.xib */; };
		110D05871C3134920003C4E9 /* GHRepositoryContributorsViewController.m in Sources */ = {isa = PBXBuildFile; fileRef = 110D05851C3134920003C4E9 /* GHRepositoryContributorsViewController.m */; };
		110D05881C3134920003C4E9 /* GHRepositoryContributorsViewController.xib in Resources */ = {isa = PBXBuildFile; fileRef = 110D05861C3134920003C4E9 /* GHRepositoryContributorsViewController.xib */; };
		110D058E1C3135BC0003C4E9 /* GHTabView.m in Sources */ = {isa = PBXBuildFile; fileRef = 110D058D1C3135BC0003C4E9 /* GHTabView.m */; };
		110D05901C3135C80003C4E9 /* GHTabView.xib in Resources */ = {isa = PBXBuildFile; fileRef = 110D058F1C3135C80003C4E9 /* GHTabView.xib */; };
		110D05941C3135E50003C4E9 /* GHTabViewController.m in Sources */ = {isa = PBXBuildFile; fileRef = 110D05921C3135E50003C4E9 /* GHTabViewController.m */; };
		110D05951C3135E50003C4E9 /* GHTabViewController.xib in Resources */ = {isa = PBXBuildFile; fileRef = 110D05931C3135E50003C4E9 /* GHTabViewController.xib */; };
		110D05991C3139350003C4E9 /* GHRepositoryIssuesTableViewCell.m in Sources */ = {isa = PBXBuildFile; fileRef = 110D05971C3139350003C4E9 /* GHRepositoryIssuesTableViewCell.m */; };
		110D059A1C3139350003C4E9 /* GHRepositoryIssuesTableViewCell.xib in Resources */ = {isa = PBXBuildFile; fileRef = 110D05981C3139350003C4E9 /* GHRepositoryIssuesTableViewCell.xib */; };
		110D059E1C3139490003C4E9 /* GHRepositoryContributorsTableViewCell.m in Sources */ = {isa = PBXBuildFile; fileRef = 110D059C1C3139490003C4E9 /* GHRepositoryContributorsTableViewCell.m */; };
		110D059F1C3139490003C4E9 /* GHRepositoryContributorsTableViewCell.xib in Resources */ = {isa = PBXBuildFile; fileRef = 110D059D1C3139490003C4E9 /* GHRepositoryContributorsTableViewCell.xib */; };
		110D05A21C313E220003C4E9 /* NSArray+GHIssueModel.m in Sources */ = {isa = PBXBuildFile; fileRef = 110D05A11C313E220003C4E9 /* NSArray+GHIssueModel.m */; };
		110D05A51C313E340003C4E9 /* NSArray+GHContributorModel.m in Sources */ = {isa = PBXBuildFile; fileRef = 110D05A41C313E340003C4E9 /* NSArray+GHContributorModel.m */; };
		110D05A91C313F4E0003C4E9 /* GHRepositoryManager.m in Sources */ = {isa = PBXBuildFile; fileRef = 110D05A81C313F4E0003C4E9 /* GHRepositoryManager.m */; };
		11AECFF41C2F600500A8DCB5 /* Assets.xcassets in Resources */ = {isa = PBXBuildFile; fileRef = 11AECFEE1C2F600500A8DCB5 /* Assets.xcassets */; };
		11AECFF61C2F600500A8DCB5 /* main.m in Sources */ = {isa = PBXBuildFile; fileRef = 11AECFF11C2F600500A8DCB5 /* main.m */; };
		11AECFF91C2F60BF00A8DCB5 /* GHAppDelegate.m in Sources */ = {isa = PBXBuildFile; fileRef = 11AECFF81C2F60BF00A8DCB5 /* GHAppDelegate.m */; };
		E16AD6BC0CD745084B01A943 /* Pods_GitHub_iOS.framework in Frameworks */ = {isa = PBXBuildFile; fileRef = 91C8BC26EC2D1F79A2BB0904 /* Pods_GitHub_iOS.framework */; };
/* End PBXBuildFile section */

/* Begin PBXFileReference section */
		110D05161C2FF7970003C4E9 /* ProgressHUD.bundle */ = {isa = PBXFileReference; lastKnownFileType = "wrapper.plug-in"; path = ProgressHUD.bundle; sourceTree = "<group>"; };
		110D05171C2FF7970003C4E9 /* ProgressHUD.h */ = {isa = PBXFileReference; fileEncoding = 4; lastKnownFileType = sourcecode.c.h; path = ProgressHUD.h; sourceTree = "<group>"; };
		110D05181C2FF7970003C4E9 /* ProgressHUD.m */ = {isa = PBXFileReference; fileEncoding = 4; lastKnownFileType = sourcecode.c.objc; path = ProgressHUD.m; sourceTree = "<group>"; };
		110D051F1C3002290003C4E9 /* GHRootViewController.h */ = {isa = PBXFileReference; fileEncoding = 4; lastKnownFileType = sourcecode.c.h; path = GHRootViewController.h; sourceTree = "<group>"; };
		110D05201C3002290003C4E9 /* GHRootViewController.m */ = {isa = PBXFileReference; fileEncoding = 4; lastKnownFileType = sourcecode.c.objc; path = GHRootViewController.m; sourceTree = "<group>"; };
		110D05211C3002290003C4E9 /* GHRootViewController.xib */ = {isa = PBXFileReference; fileEncoding = 4; lastKnownFileType = file.xib; path = GHRootViewController.xib; sourceTree = "<group>"; };
		110D05241C30023B0003C4E9 /* GHSearchViewController.h */ = {isa = PBXFileReference; fileEncoding = 4; lastKnownFileType = sourcecode.c.h; path = GHSearchViewController.h; sourceTree = "<group>"; };
		110D05251C30023B0003C4E9 /* GHSearchViewController.m */ = {isa = PBXFileReference; fileEncoding = 4; lastKnownFileType = sourcecode.c.objc; path = GHSearchViewController.m; sourceTree = "<group>"; };
		110D05261C30023B0003C4E9 /* GHSearchViewController.xib */ = {isa = PBXFileReference; fileEncoding = 4; lastKnownFileType = file.xib; path = GHSearchViewController.xib; sourceTree = "<group>"; };
		110D05291C30024E0003C4E9 /* GHRepositoryViewController.h */ = {isa = PBXFileReference; fileEncoding = 4; lastKnownFileType = sourcecode.c.h; path = GHRepositoryViewController.h; sourceTree = "<group>"; };
		110D052A1C30024E0003C4E9 /* GHRepositoryViewController.m */ = {isa = PBXFileReference; fileEncoding = 4; lastKnownFileType = sourcecode.c.objc; path = GHRepositoryViewController.m; sourceTree = "<group>"; };
		110D052B1C30024E0003C4E9 /* GHRepositoryViewController.xib */ = {isa = PBXFileReference; fileEncoding = 4; lastKnownFileType = file.xib; path = GHRepositoryViewController.xib; sourceTree = "<group>"; };
		110D052E1C3002690003C4E9 /* GHRepositoryListViewController.h */ = {isa = PBXFileReference; fileEncoding = 4; lastKnownFileType = sourcecode.c.h; path = GHRepositoryListViewController.h; sourceTree = "<group>"; };
		110D052F1C3002690003C4E9 /* GHRepositoryListViewController.m */ = {isa = PBXFileReference; fileEncoding = 4; lastKnownFileType = sourcecode.c.objc; path = GHRepositoryListViewController.m; sourceTree = "<group>"; };
		110D05301C3002690003C4E9 /* GHRepositoryListViewController.xib */ = {isa = PBXFileReference; fileEncoding = 4; lastKnownFileType = file.xib; path = GHRepositoryListViewController.xib; sourceTree = "<group>"; };
		110D05331C3002D70003C4E9 /* LaunchScreen.xib */ = {isa = PBXFileReference; fileEncoding = 4; lastKnownFileType = file.xib; path = LaunchScreen.xib; sourceTree = "<group>"; };
		110D05361C3022000003C4E9 /* GHBaseTableViewDelegate.h */ = {isa = PBXFileReference; fileEncoding = 4; lastKnownFileType = sourcecode.c.h; path = GHBaseTableViewDelegate.h; sourceTree = "<group>"; };
		110D05371C3022140003C4E9 /* GHBaseTableViewDataSource.h */ = {isa = PBXFileReference; fileEncoding = 4; lastKnownFileType = sourcecode.c.h; path = GHBaseTableViewDataSource.h; sourceTree = "<group>"; };
		110D05381C30223C0003C4E9 /* GHBaseTableView.h */ = {isa = PBXFileReference; fileEncoding = 4; lastKnownFileType = sourcecode.c.h; path = GHBaseTableView.h; sourceTree = "<group>"; };
		110D05391C30223C0003C4E9 /* GHBaseTableView.m */ = {isa = PBXFileReference; fileEncoding = 4; lastKnownFileType = sourcecode.c.objc; path = GHBaseTableView.m; sourceTree = "<group>"; };
		110D053B1C3022650003C4E9 /* GHBaseTableViewController.h */ = {isa = PBXFileReference; fileEncoding = 4; lastKnownFileType = sourcecode.c.h; path = GHBaseTableViewController.h; sourceTree = "<group>"; };
		110D053C1C3022650003C4E9 /* GHBaseTableViewController.m */ = {isa = PBXFileReference; fileEncoding = 4; lastKnownFileType = sourcecode.c.objc; path = GHBaseTableViewController.m; sourceTree = "<group>"; };
		110D053F1C3025060003C4E9 /* ReachabilityManager.h */ = {isa = PBXFileReference; fileEncoding = 4; lastKnownFileType = sourcecode.c.h; path = ReachabilityManager.h; sourceTree = "<group>"; };
		110D05401C3025060003C4E9 /* ReachabilityManager.m */ = {isa = PBXFileReference; fileEncoding = 4; lastKnownFileType = sourcecode.c.objc; path = ReachabilityManager.m; sourceTree = "<group>"; };
		110D05471C3099A80003C4E9 /* GHRepositoryListTableViewCell.h */ = {isa = PBXFileReference; fileEncoding = 4; lastKnownFileType = sourcecode.c.h; path = GHRepositoryListTableViewCell.h; sourceTree = "<group>"; };
		110D05481C3099A80003C4E9 /* GHRepositoryListTableViewCell.m */ = {isa = PBXFileReference; fileEncoding = 4; lastKnownFileType = sourcecode.c.objc; path = GHRepositoryListTableViewCell.m; sourceTree = "<group>"; };
		110D05491C3099A90003C4E9 /* GHRepositoryListTableViewCell.xib */ = {isa = PBXFileReference; fileEncoding = 4; lastKnownFileType = file.xib; path = GHRepositoryListTableViewCell.xib; sourceTree = "<group>"; };
		110D05511C3099DA0003C4E9 /* GHSearchTableViewCell.h */ = {isa = PBXFileReference; fileEncoding = 4; lastKnownFileType = sourcecode.c.h; path = GHSearchTableViewCell.h; sourceTree = "<group>"; };
		110D05521C3099DA0003C4E9 /* GHSearchTableViewCell.m */ = {isa = PBXFileReference; fileEncoding = 4; lastKnownFileType = sourcecode.c.objc; path = GHSearchTableViewCell.m; sourceTree = "<group>"; };
		110D05531C3099DA0003C4E9 /* GHSearchTableViewCell.xib */ = {isa = PBXFileReference; fileEncoding = 4; lastKnownFileType = file.xib; path = GHSearchTableViewCell.xib; sourceTree = "<group>"; };
		110D05591C30E7B40003C4E9 /* GHContributorModel.h */ = {isa = PBXFileReference; fileEncoding = 4; lastKnownFileType = sourcecode.c.h; path = GHContributorModel.h; sourceTree = "<group>"; };
		110D055A1C30E7B40003C4E9 /* GHContributorModel.m */ = {isa = PBXFileReference; fileEncoding = 4; lastKnownFileType = sourcecode.c.objc; path = GHContributorModel.m; sourceTree = "<group>"; };
		110D055C1C30E7C30003C4E9 /* GHIssueModel.h */ = {isa = PBXFileReference; fileEncoding = 4; lastKnownFileType = sourcecode.c.h; path = GHIssueModel.h; sourceTree = "<group>"; };
		110D055D1C30E7C30003C4E9 /* GHIssueModel.m */ = {isa = PBXFileReference; fileEncoding = 4; lastKnownFileType = sourcecode.c.objc; path = GHIssueModel.m; sourceTree = "<group>"; };
		110D055F1C30E7D40003C4E9 /* GHRepositoryModel.h */ = {isa = PBXFileReference; fileEncoding = 4; lastKnownFileType = sourcecode.c.h; path = GHRepositoryModel.h; sourceTree = "<group>"; };
		110D05601C30E7D40003C4E9 /* GHRepositoryModel.m */ = {isa = PBXFileReference; fileEncoding = 4; lastKnownFileType = sourcecode.c.objc; path = GHRepositoryModel.m; sourceTree = "<group>"; };
		110D05631C30E9BF0003C4E9 /* NSDictionary+NullCheck.h */ = {isa = PBXFileReference; fileEncoding = 4; lastKnownFileType = sourcecode.c.h; path = "NSDictionary+NullCheck.h"; sourceTree = "<group>"; };
		110D05641C30E9BF0003C4E9 /* NSDictionary+NullCheck.m */ = {isa = PBXFileReference; fileEncoding = 4; lastKnownFileType = sourcecode.c.objc; path = "NSDictionary+NullCheck.m"; sourceTree = "<group>"; };
		110D05671C30F1140003C4E9 /* GHSearchManager.h */ = {isa = PBXFileReference; fileEncoding = 4; lastKnownFileType = sourcecode.c.h; path = GHSearchManager.h; sourceTree = "<group>"; };
		110D05681C30F1140003C4E9 /* GHSearchManager.m */ = {isa = PBXFileReference; fileEncoding = 4; lastKnownFileType = sourcecode.c.objc; path = GHSearchManager.m; sourceTree = "<group>"; };
		110D056A1C30F7610003C4E9 /* NSArray+GHRepositoryModel.h */ = {isa = PBXFileReference; fileEncoding = 4; lastKnownFileType = sourcecode.c.h; path = "NSArray+GHRepositoryModel.h"; sourceTree = "<group>"; };
		110D056B1C30F7610003C4E9 /* NSArray+GHRepositoryModel.m */ = {isa = PBXFileReference; fileEncoding = 4; lastKnownFileType = sourcecode.c.objc; path = "NSArray+GHRepositoryModel.m"; sourceTree = "<group>"; };
		110D05751C3128EE0003C4E9 /* GHCommon.h */ = {isa = PBXFileReference; fileEncoding = 4; lastKnownFileType = sourcecode.c.h; path = GHCommon.h; sourceTree = "<group>"; };
		110D05761C3128EE0003C4E9 /* GHCommon.m */ = {isa = PBXFileReference; fileEncoding = 4; lastKnownFileType = sourcecode.c.objc; path = GHCommon.m; sourceTree = "<group>"; };
		110D057F1C31347A0003C4E9 /* GHRepositoryIssuesViewController.h */ = {isa = PBXFileReference; fileEncoding = 4; lastKnownFileType = sourcecode.c.h; path = GHRepositoryIssuesViewController.h; sourceTree = "<group>"; };
		110D05801C31347A0003C4E9 /* GHRepositoryIssuesViewController.m */ = {isa = PBXFileReference; fileEncoding = 4; lastKnownFileType = sourcecode.c.objc; path = GHRepositoryIssuesViewController.m; sourceTree = "<group>"; };
		110D05811C31347A0003C4E9 /* GHRepositoryIssuesViewController.xib */ = {isa = PBXFileReference; fileEncoding = 4; lastKnownFileType = file.xib; path = GHRepositoryIssuesViewController.xib; sourceTree = "<group>"; };
		110D05841C3134920003C4E9 /* GHRepositoryContributorsViewController.h */ = {isa = PBXFileReference; fileEncoding = 4; lastKnownFileType = sourcecode.c.h; path = GHRepositoryContributorsViewController.h; sourceTree = "<group>"; };
		110D05851C3134920003C4E9 /* GHRepositoryContributorsViewController.m */ = {isa = PBXFileReference; fileEncoding = 4; lastKnownFileType = sourcecode.c.objc; path = GHRepositoryContributorsViewController.m; sourceTree = "<group>"; };
		110D05861C3134920003C4E9 /* GHRepositoryContributorsViewController.xib */ = {isa = PBXFileReference; fileEncoding = 4; lastKnownFileType = file.xib; path = GHRepositoryContributorsViewController.xib; sourceTree = "<group>"; };
		110D058A1C31356C0003C4E9 /* GHTabViewDelegate.h */ = {isa = PBXFileReference; lastKnownFileType = sourcecode.c.h; path = GHTabViewDelegate.h; sourceTree = "<group>"; };
		110D058B1C31358B0003C4E9 /* GHTabViewInternalDelegate.h */ = {isa = PBXFileReference; lastKnownFileType = sourcecode.c.h; path = GHTabViewInternalDelegate.h; sourceTree = "<group>"; };
		110D058C1C3135BC0003C4E9 /* GHTabView.h */ = {isa = PBXFileReference; fileEncoding = 4; lastKnownFileType = sourcecode.c.h; path = GHTabView.h; sourceTree = "<group>"; };
		110D058D1C3135BC0003C4E9 /* GHTabView.m */ = {isa = PBXFileReference; fileEncoding = 4; lastKnownFileType = sourcecode.c.objc; path = GHTabView.m; sourceTree = "<group>"; };
		110D058F1C3135C80003C4E9 /* GHTabView.xib */ = {isa = PBXFileReference; fileEncoding = 4; lastKnownFileType = file.xib; path = GHTabView.xib; sourceTree = "<group>"; };
		110D05911C3135E50003C4E9 /* GHTabViewController.h */ = {isa = PBXFileReference; fileEncoding = 4; lastKnownFileType = sourcecode.c.h; path = GHTabViewController.h; sourceTree = "<group>"; };
		110D05921C3135E50003C4E9 /* GHTabViewController.m */ = {isa = PBXFileReference; fileEncoding = 4; lastKnownFileType = sourcecode.c.objc; path = GHTabViewController.m; sourceTree = "<group>"; };
		110D05931C3135E50003C4E9 /* GHTabViewController.xib */ = {isa = PBXFileReference; fileEncoding = 4; lastKnownFileType = file.xib; path = GHTabViewController.xib; sourceTree = "<group>"; };
		110D05961C3139350003C4E9 /* GHRepositoryIssuesTableViewCell.h */ = {isa = PBXFileReference; fileEncoding = 4; lastKnownFileType = sourcecode.c.h; path = GHRepositoryIssuesTableViewCell.h; sourceTree = "<group>"; };
		110D05971C3139350003C4E9 /* GHRepositoryIssuesTableViewCell.m */ = {isa = PBXFileReference; fileEncoding = 4; lastKnownFileType = sourcecode.c.objc; path = GHRepositoryIssuesTableViewCell.m; sourceTree = "<group>"; };
		110D05981C3139350003C4E9 /* GHRepositoryIssuesTableViewCell.xib */ = {isa = PBXFileReference; fileEncoding = 4; lastKnownFileType = file.xib; path = GHRepositoryIssuesTableViewCell.xib; sourceTree = "<group>"; };
		110D059B1C3139490003C4E9 /* GHRepositoryContributorsTableViewCell.h */ = {isa = PBXFileReference; fileEncoding = 4; lastKnownFileType = sourcecode.c.h; path = GHRepositoryContributorsTableViewCell.h; sourceTree = "<group>"; };
		110D059C1C3139490003C4E9 /* GHRepositoryContributorsTableViewCell.m */ = {isa = PBXFileReference; fileEncoding = 4; lastKnownFileType = sourcecode.c.objc; path = GHRepositoryContributorsTableViewCell.m; sourceTree = "<group>"; };
		110D059D1C3139490003C4E9 /* GHRepositoryContributorsTableViewCell.xib */ = {isa = PBXFileReference; fileEncoding = 4; lastKnownFileType = file.xib; path = GHRepositoryContributorsTableViewCell.xib; sourceTree = "<group>"; };
		110D05A01C313E220003C4E9 /* NSArray+GHIssueModel.h */ = {isa = PBXFileReference; fileEncoding = 4; lastKnownFileType = sourcecode.c.h; path = "NSArray+GHIssueModel.h"; sourceTree = "<group>"; };
		110D05A11C313E220003C4E9 /* NSArray+GHIssueModel.m */ = {isa = PBXFileReference; fileEncoding = 4; lastKnownFileType = sourcecode.c.objc; path = "NSArray+GHIssueModel.m"; sourceTree = "<group>"; };
		110D05A31C313E340003C4E9 /* NSArray+GHContributorModel.h */ = {isa = PBXFileReference; fileEncoding = 4; lastKnownFileType = sourcecode.c.h; path = "NSArray+GHContributorModel.h"; sourceTree = "<group>"; };
		110D05A41C313E340003C4E9 /* NSArray+GHContributorModel.m */ = {isa = PBXFileReference; fileEncoding = 4; lastKnownFileType = sourcecode.c.objc; path = "NSArray+GHContributorModel.m"; sourceTree = "<group>"; };
		110D05A71C313F4E0003C4E9 /* GHRepositoryManager.h */ = {isa = PBXFileReference; fileEncoding = 4; lastKnownFileType = sourcecode.c.h; path = GHRepositoryManager.h; sourceTree = "<group>"; };
		110D05A81C313F4E0003C4E9 /* GHRepositoryManager.m */ = {isa = PBXFileReference; fileEncoding = 4; lastKnownFileType = sourcecode.c.objc; path = GHRepositoryManager.m; sourceTree = "<group>"; };
		11AECFCE1C2F5EA600A8DCB5 /* GitHub-iOS.app */ = {isa = PBXFileReference; explicitFileType = wrapper.application; includeInIndex = 0; path = "GitHub-iOS.app"; sourceTree = BUILT_PRODUCTS_DIR; };
		11AECFEE1C2F600500A8DCB5 /* Assets.xcassets */ = {isa = PBXFileReference; lastKnownFileType = folder.assetcatalog; path = Assets.xcassets; sourceTree = "<group>"; };
		11AECFF01C2F600500A8DCB5 /* Info.plist */ = {isa = PBXFileReference; fileEncoding = 4; lastKnownFileType = text.plist.xml; path = Info.plist; sourceTree = "<group>"; };
		11AECFF11C2F600500A8DCB5 /* main.m */ = {isa = PBXFileReference; fileEncoding = 4; lastKnownFileType = sourcecode.c.objc; path = main.m; sourceTree = "<group>"; };
		11AECFF71C2F60BF00A8DCB5 /* GHAppDelegate.h */ = {isa = PBXFileReference; fileEncoding = 4; lastKnownFileType = sourcecode.c.h; path = GHAppDelegate.h; sourceTree = "<group>"; };
		11AECFF81C2F60BF00A8DCB5 /* GHAppDelegate.m */ = {isa = PBXFileReference; fileEncoding = 4; lastKnownFileType = sourcecode.c.objc; path = GHAppDelegate.m; sourceTree = "<group>"; };
		11AECFFA1C2F63E900A8DCB5 /* GitHub-iOS-Prefix.pch */ = {isa = PBXFileReference; fileEncoding = 4; lastKnownFileType = sourcecode.c.h; path = "GitHub-iOS-Prefix.pch"; sourceTree = "<group>"; };
		83E4D4612E6EC63FB93B7552 /* Pods-GitHub-iOS.debug.xcconfig */ = {isa = PBXFileReference; includeInIndex = 1; lastKnownFileType = text.xcconfig; name = "Pods-GitHub-iOS.debug.xcconfig"; path = "Pods/Target Support Files/Pods-GitHub-iOS/Pods-GitHub-iOS.debug.xcconfig"; sourceTree = "<group>"; };
		91C8BC26EC2D1F79A2BB0904 /* Pods_GitHub_iOS.framework */ = {isa = PBXFileReference; explicitFileType = wrapper.framework; includeInIndex = 0; path = Pods_GitHub_iOS.framework; sourceTree = BUILT_PRODUCTS_DIR; };
		CEE639A9EF15087EC9F25D00 /* Pods-GitHub-iOS.release.xcconfig */ = {isa = PBXFileReference; includeInIndex = 1; lastKnownFileType = text.xcconfig; name = "Pods-GitHub-iOS.release.xcconfig"; path = "Pods/Target Support Files/Pods-GitHub-iOS/Pods-GitHub-iOS.release.xcconfig"; sourceTree = "<group>"; };
/* End PBXFileReference section */

/* Begin PBXFrameworksBuildPhase section */
		11AECFCB1C2F5EA600A8DCB5 /* Frameworks */ = {
			isa = PBXFrameworksBuildPhase;
			buildActionMask = 2147483647;
			files = (
				E16AD6BC0CD745084B01A943 /* Pods_GitHub_iOS.framework in Frameworks */,
			);
			runOnlyForDeploymentPostprocessing = 0;
		};
/* End PBXFrameworksBuildPhase section */

/* Begin PBXGroup section */
		110D05151C2FF7970003C4E9 /* ProgressHUD */ = {
			isa = PBXGroup;
			children = (
				110D05161C2FF7970003C4E9 /* ProgressHUD.bundle */,
				110D05171C2FF7970003C4E9 /* ProgressHUD.h */,
				110D05181C2FF7970003C4E9 /* ProgressHUD.m */,
			);
			path = ProgressHUD;
			sourceTree = "<group>";
		};
		110D051B1C3001DE0003C4E9 /* GHRepositoryListViewController */ = {
			isa = PBXGroup;
			children = (
				110D052E1C3002690003C4E9 /* GHRepositoryListViewController.h */,
				110D052F1C3002690003C4E9 /* GHRepositoryListViewController.m */,
				110D05301C3002690003C4E9 /* GHRepositoryListViewController.xib */,
				110D05471C3099A80003C4E9 /* GHRepositoryListTableViewCell.h */,
				110D05481C3099A80003C4E9 /* GHRepositoryListTableViewCell.m */,
				110D05491C3099A90003C4E9 /* GHRepositoryListTableViewCell.xib */,
			);
			path = GHRepositoryListViewController;
			sourceTree = "<group>";
		};
		110D051C1C3001DE0003C4E9 /* GHRepositoryViewController */ = {
			isa = PBXGroup;
			children = (
				110D05781C3133DF0003C4E9 /* GHRepositoryContributorsViewController */,
				110D05791C3133DF0003C4E9 /* GHRepositoryIssuesViewController */,
				110D05A61C313F330003C4E9 /* GHRepositoryManager */,
				110D05291C30024E0003C4E9 /* GHRepositoryViewController.h */,
				110D052A1C30024E0003C4E9 /* GHRepositoryViewController.m */,
				110D052B1C30024E0003C4E9 /* GHRepositoryViewController.xib */,
			);
			path = GHRepositoryViewController;
			sourceTree = "<group>";
		};
		110D051D1C3001DE0003C4E9 /* GHSearchViewController */ = {
			isa = PBXGroup;
			children = (
				110D05661C30F0050003C4E9 /* GHSearchManager */,
				110D05241C30023B0003C4E9 /* GHSearchViewController.h */,
				110D05251C30023B0003C4E9 /* GHSearchViewController.m */,
				110D05261C30023B0003C4E9 /* GHSearchViewController.xib */,
				110D05511C3099DA0003C4E9 /* GHSearchTableViewCell.h */,
				110D05521C3099DA0003C4E9 /* GHSearchTableViewCell.m */,
				110D05531C3099DA0003C4E9 /* GHSearchTableViewCell.xib */,
			);
			path = GHSearchViewController;
			sourceTree = "<group>";
		};
		110D051E1C3002040003C4E9 /* GHRootViewController */ = {
			isa = PBXGroup;
			children = (
				110D051F1C3002290003C4E9 /* GHRootViewController.h */,
				110D05201C3002290003C4E9 /* GHRootViewController.m */,
				110D05211C3002290003C4E9 /* GHRootViewController.xib */,
			);
			path = GHRootViewController;
			sourceTree = "<group>";
		};
		110D05351C3021D30003C4E9 /* GHTable */ = {
			isa = PBXGroup;
			children = (
				110D05381C30223C0003C4E9 /* GHBaseTableView.h */,
				110D05391C30223C0003C4E9 /* GHBaseTableView.m */,
				110D05371C3022140003C4E9 /* GHBaseTableViewDataSource.h */,
				110D05361C3022000003C4E9 /* GHBaseTableViewDelegate.h */,
				110D053B1C3022650003C4E9 /* GHBaseTableViewController.h */,
				110D053C1C3022650003C4E9 /* GHBaseTableViewController.m */,
			);
			path = GHTable;
			sourceTree = "<group>";
		};
		110D053E1C3024C90003C4E9 /* ReachabilityManager */ = {
			isa = PBXGroup;
			children = (
				110D053F1C3025060003C4E9 /* ReachabilityManager.h */,
				110D05401C3025060003C4E9 /* ReachabilityManager.m */,
			);
			path = ReachabilityManager;
			sourceTree = "<group>";
		};
		110D05561C30E7940003C4E9 /* GHContributor */ = {
			isa = PBXGroup;
			children = (
				110D05591C30E7B40003C4E9 /* GHContributorModel.h */,
				110D055A1C30E7B40003C4E9 /* GHContributorModel.m */,
				110D05A31C313E340003C4E9 /* NSArray+GHContributorModel.h */,
				110D05A41C313E340003C4E9 /* NSArray+GHContributorModel.m */,
			);
			path = GHContributor;
			sourceTree = "<group>";
		};
		110D05571C30E7940003C4E9 /* GHIssue */ = {
			isa = PBXGroup;
			children = (
				110D055C1C30E7C30003C4E9 /* GHIssueModel.h */,
				110D055D1C30E7C30003C4E9 /* GHIssueModel.m */,
				110D05A01C313E220003C4E9 /* NSArray+GHIssueModel.h */,
				110D05A11C313E220003C4E9 /* NSArray+GHIssueModel.m */,
			);
			path = GHIssue;
			sourceTree = "<group>";
		};
		110D05581C30E7940003C4E9 /* GHRepository */ = {
			isa = PBXGroup;
			children = (
				110D055F1C30E7D40003C4E9 /* GHRepositoryModel.h */,
				110D05601C30E7D40003C4E9 /* GHRepositoryModel.m */,
				110D056A1C30F7610003C4E9 /* NSArray+GHRepositoryModel.h */,
				110D056B1C30F7610003C4E9 /* NSArray+GHRepositoryModel.m */,
			);
			path = GHRepository;
			sourceTree = "<group>";
		};
		110D05621C30E9810003C4E9 /* NSDictionary */ = {
			isa = PBXGroup;
			children = (
				110D05631C30E9BF0003C4E9 /* NSDictionary+NullCheck.h */,
				110D05641C30E9BF0003C4E9 /* NSDictionary+NullCheck.m */,
			);
			path = NSDictionary;
			sourceTree = "<group>";
		};
		110D05661C30F0050003C4E9 /* GHSearchManager */ = {
			isa = PBXGroup;
			children = (
				110D05671C30F1140003C4E9 /* GHSearchManager.h */,
				110D05681C30F1140003C4E9 /* GHSearchManager.m */,
			);
			path = GHSearchManager;
			sourceTree = "<group>";
		};
		110D05781C3133DF0003C4E9 /* GHRepositoryContributorsViewController */ = {
			isa = PBXGroup;
			children = (
				110D05841C3134920003C4E9 /* GHRepositoryContributorsViewController.h */,
				110D05851C3134920003C4E9 /* GHRepositoryContributorsViewController.m */,
				110D05861C3134920003C4E9 /* GHRepositoryContributorsViewController.xib */,
				110D059B1C3139490003C4E9 /* GHRepositoryContributorsTableViewCell.h */,
				110D059C1C3139490003C4E9 /* GHRepositoryContributorsTableViewCell.m */,
				110D059D1C3139490003C4E9 /* GHRepositoryContributorsTableViewCell.xib */,
			);
			path = GHRepositoryContributorsViewController;
			sourceTree = "<group>";
		};
		110D05791C3133DF0003C4E9 /* GHRepositoryIssuesViewController */ = {
			isa = PBXGroup;
			children = (
				110D057F1C31347A0003C4E9 /* GHRepositoryIssuesViewController.h */,
				110D05801C31347A0003C4E9 /* GHRepositoryIssuesViewController.m */,
				110D05811C31347A0003C4E9 /* GHRepositoryIssuesViewController.xib */,
				110D05961C3139350003C4E9 /* GHRepositoryIssuesTableViewCell.h */,
				110D05971C3139350003C4E9 /* GHRepositoryIssuesTableViewCell.m */,
				110D05981C3139350003C4E9 /* GHRepositoryIssuesTableViewCell.xib */,
			);
			path = GHRepositoryIssuesViewController;
			sourceTree = "<group>";
		};
		110D05891C31354A0003C4E9 /* GHTab */ = {
			isa = PBXGroup;
			children = (
				110D058A1C31356C0003C4E9 /* GHTabViewDelegate.h */,
				110D058B1C31358B0003C4E9 /* GHTabViewInternalDelegate.h */,
				110D058C1C3135BC0003C4E9 /* GHTabView.h */,
				110D058D1C3135BC0003C4E9 /* GHTabView.m */,
				110D058F1C3135C80003C4E9 /* GHTabView.xib */,
				110D05911C3135E50003C4E9 /* GHTabViewController.h */,
				110D05921C3135E50003C4E9 /* GHTabViewController.m */,
				110D05931C3135E50003C4E9 /* GHTabViewController.xib */,
			);
			path = GHTab;
			sourceTree = "<group>";
		};
		110D05A61C313F330003C4E9 /* GHRepositoryManager */ = {
			isa = PBXGroup;
			children = (
				110D05A71C313F4E0003C4E9 /* GHRepositoryManager.h */,
				110D05A81C313F4E0003C4E9 /* GHRepositoryManager.m */,
			);
			path = GHRepositoryManager;
			sourceTree = "<group>";
		};
		11AECFC51C2F5EA600A8DCB5 = {
			isa = PBXGroup;
			children = (
				11AECFD01C2F5EA600A8DCB5 /* GitHub-iOS */,
				11AECFCF1C2F5EA600A8DCB5 /* Products */,
				CFE7DA2E477626AA016810B4 /* Pods */,
				F3A7ECBFBAB0020FBBEEFA11 /* Frameworks */,
			);
			sourceTree = "<group>";
		};
		11AECFCF1C2F5EA600A8DCB5 /* Products */ = {
			isa = PBXGroup;
			children = (
				11AECFCE1C2F5EA600A8DCB5 /* GitHub-iOS.app */,
			);
			name = Products;
			sourceTree = "<group>";
		};
		11AECFD01C2F5EA600A8DCB5 /* GitHub-iOS */ = {
			isa = PBXGroup;
			children = (
				11AECFE81C2F600500A8DCB5 /* Common */,
				11AECFE91C2F600500A8DCB5 /* Controllers */,
				11AECFEC1C2F600500A8DCB5 /* Models */,
				11AECFED1C2F600500A8DCB5 /* Resources */,
				11AECFEF1C2F600500A8DCB5 /* Supporting Files */,
				11AECFF21C2F600500A8DCB5 /* Utilities */,
			);
			path = "GitHub-iOS";
			sourceTree = "<group>";
		};
		11AECFE81C2F600500A8DCB5 /* Common */ = {
			isa = PBXGroup;
			children = (
				110D05751C3128EE0003C4E9 /* GHCommon.h */,
				110D05761C3128EE0003C4E9 /* GHCommon.m */,
			);
			path = Common;
			sourceTree = "<group>";
		};
		11AECFE91C2F600500A8DCB5 /* Controllers */ = {
			isa = PBXGroup;
			children = (
				11AECFF71C2F60BF00A8DCB5 /* GHAppDelegate.h */,
				11AECFF81C2F60BF00A8DCB5 /* GHAppDelegate.m */,
				110D05331C3002D70003C4E9 /* LaunchScreen.xib */,
				110D051B1C3001DE0003C4E9 /* GHRepositoryListViewController */,
				110D051C1C3001DE0003C4E9 /* GHRepositoryViewController */,
				110D051E1C3002040003C4E9 /* GHRootViewController */,
				110D051D1C3001DE0003C4E9 /* GHSearchViewController */,
			);
			path = Controllers;
			sourceTree = "<group>";
		};
		11AECFEC1C2F600500A8DCB5 /* Models */ = {
			isa = PBXGroup;
			children = (
				110D05561C30E7940003C4E9 /* GHContributor */,
				110D05571C30E7940003C4E9 /* GHIssue */,
				110D05581C30E7940003C4E9 /* GHRepository */,
			);
			path = Models;
			sourceTree = "<group>";
		};
		11AECFED1C2F600500A8DCB5 /* Resources */ = {
			isa = PBXGroup;
			children = (
				11AECFEE1C2F600500A8DCB5 /* Assets.xcassets */,
			);
			path = Resources;
			sourceTree = "<group>";
		};
		11AECFEF1C2F600500A8DCB5 /* Supporting Files */ = {
			isa = PBXGroup;
			children = (
				11AECFFA1C2F63E900A8DCB5 /* GitHub-iOS-Prefix.pch */,
				11AECFF01C2F600500A8DCB5 /* Info.plist */,
				11AECFF11C2F600500A8DCB5 /* main.m */,
			);
			path = "Supporting Files";
			sourceTree = "<group>";
		};
		11AECFF21C2F600500A8DCB5 /* Utilities */ = {
			isa = PBXGroup;
			children = (
				110D05891C31354A0003C4E9 /* GHTab */,
				110D05351C3021D30003C4E9 /* GHTable */,
				110D05621C30E9810003C4E9 /* NSDictionary */,
				110D05151C2FF7970003C4E9 /* ProgressHUD */,
				110D053E1C3024C90003C4E9 /* ReachabilityManager */,
			);
			path = Utilities;
			sourceTree = "<group>";
		};
		CFE7DA2E477626AA016810B4 /* Pods */ = {
			isa = PBXGroup;
			children = (
				83E4D4612E6EC63FB93B7552 /* Pods-GitHub-iOS.debug.xcconfig */,
				CEE639A9EF15087EC9F25D00 /* Pods-GitHub-iOS.release.xcconfig */,
			);
			name = Pods;
			sourceTree = "<group>";
		};
		F3A7ECBFBAB0020FBBEEFA11 /* Frameworks */ = {
			isa = PBXGroup;
			children = (
				91C8BC26EC2D1F79A2BB0904 /* Pods_GitHub_iOS.framework */,
			);
			name = Frameworks;
			sourceTree = "<group>";
		};
/* End PBXGroup section */

/* Begin PBXNativeTarget section */
		11AECFCD1C2F5EA600A8DCB5 /* GitHub-iOS */ = {
			isa = PBXNativeTarget;
			buildConfigurationList = 11AECFE51C2F5EA600A8DCB5 /* Build configuration list for PBXNativeTarget "GitHub-iOS" */;
			buildPhases = (
				F658075872AD045FEAD66A27 /* Check Pods Manifest.lock */,
				11AECFCA1C2F5EA600A8DCB5 /* Sources */,
				11AECFCB1C2F5EA600A8DCB5 /* Frameworks */,
				11AECFCC1C2F5EA600A8DCB5 /* Resources */,
				3697B6DFCA2423AE39978D1A /* Embed Pods Frameworks */,
				45CB5F286FA992EBC7554231 /* Copy Pods Resources */,
			);
			buildRules = (
			);
			dependencies = (
			);
			name = "GitHub-iOS";
			productName = "GitHub-iOS";
			productReference = 11AECFCE1C2F5EA600A8DCB5 /* GitHub-iOS.app */;
			productType = "com.apple.product-type.application";
		};
/* End PBXNativeTarget section */

/* Begin PBXProject section */
		11AECFC61C2F5EA600A8DCB5 /* Project object */ = {
			isa = PBXProject;
			attributes = {
				LastUpgradeCheck = 0710;
				ORGANIZATIONNAME = "Alvin Cris Uy";
				TargetAttributes = {
					11AECFCD1C2F5EA600A8DCB5 = {
						CreatedOnToolsVersion = 7.1.1;
					};
				};
			};
			buildConfigurationList = 11AECFC91C2F5EA600A8DCB5 /* Build configuration list for PBXProject "GitHub-iOS" */;
			compatibilityVersion = "Xcode 3.2";
			developmentRegion = English;
			hasScannedForEncodings = 0;
			knownRegions = (
				en,
				Base,
			);
			mainGroup = 11AECFC51C2F5EA600A8DCB5;
			productRefGroup = 11AECFCF1C2F5EA600A8DCB5 /* Products */;
			projectDirPath = "";
			projectRoot = "";
			targets = (
				11AECFCD1C2F5EA600A8DCB5 /* GitHub-iOS */,
			);
		};
/* End PBXProject section */

/* Begin PBXResourcesBuildPhase section */
		11AECFCC1C2F5EA600A8DCB5 /* Resources */ = {
			isa = PBXResourcesBuildPhase;
			buildActionMask = 2147483647;
			files = (
				110D05951C3135E50003C4E9 /* GHTabViewController.xib in Resources */,
				110D05231C3002290003C4E9 /* GHRootViewController.xib in Resources */,
				110D052D1C30024E0003C4E9 /* GHRepositoryViewController.xib in Resources */,
				110D05551C3099DA0003C4E9 /* GHSearchTableViewCell.xib in Resources */,
				110D05881C3134920003C4E9 /* GHRepositoryContributorsViewController.xib in Resources */,
				110D05191C2FF7970003C4E9 /* ProgressHUD.bundle in Resources */,
				110D059A1C3139350003C4E9 /* GHRepositoryIssuesTableViewCell.xib in Resources */,
				110D05341C3002D70003C4E9 /* LaunchScreen.xib in Resources */,
				110D054B1C3099A90003C4E9 /* GHRepositoryListTableViewCell.xib in Resources */,
				110D059F1C3139490003C4E9 /* GHRepositoryContributorsTableViewCell.xib in Resources */,
				110D05831C31347A0003C4E9 /* GHRepositoryIssuesViewController.xib in Resources */,
				11AECFF41C2F600500A8DCB5 /* Assets.xcassets in Resources */,
				110D05281C30023B0003C4E9 /* GHSearchViewController.xib in Resources */,
				110D05321C3002690003C4E9 /* GHRepositoryListViewController.xib in Resources */,
				110D05901C3135C80003C4E9 /* GHTabView.xib in Resources */,
			);
			runOnlyForDeploymentPostprocessing = 0;
		};
/* End PBXResourcesBuildPhase section */

/* Begin PBXShellScriptBuildPhase section */
		3697B6DFCA2423AE39978D1A /* Embed Pods Frameworks */ = {
			isa = PBXShellScriptBuildPhase;
			buildActionMask = 2147483647;
			files = (
			);
			inputPaths = (
			);
			name = "Embed Pods Frameworks";
			outputPaths = (
			);
			runOnlyForDeploymentPostprocessing = 0;
			shellPath = /bin/sh;
			shellScript = "\"${SRCROOT}/Pods/Target Support Files/Pods-GitHub-iOS/Pods-GitHub-iOS-frameworks.sh\"\n";
			showEnvVarsInLog = 0;
		};
		45CB5F286FA992EBC7554231 /* Copy Pods Resources */ = {
			isa = PBXShellScriptBuildPhase;
			buildActionMask = 2147483647;
			files = (
			);
			inputPaths = (
			);
			name = "Copy Pods Resources";
			outputPaths = (
			);
			runOnlyForDeploymentPostprocessing = 0;
			shellPath = /bin/sh;
			shellScript = "\"${SRCROOT}/Pods/Target Support Files/Pods-GitHub-iOS/Pods-GitHub-iOS-resources.sh\"\n";
			showEnvVarsInLog = 0;
		};
		F658075872AD045FEAD66A27 /* Check Pods Manifest.lock */ = {
			isa = PBXShellScriptBuildPhase;
			buildActionMask = 2147483647;
			files = (
			);
			inputPaths = (
			);
			name = "Check Pods Manifest.lock";
			outputPaths = (
			);
			runOnlyForDeploymentPostprocessing = 0;
			shellPath = /bin/sh;
			shellScript = "diff \"${PODS_ROOT}/../Podfile.lock\" \"${PODS_ROOT}/Manifest.lock\" > /dev/null\nif [[ $? != 0 ]] ; then\n    cat << EOM\nerror: The sandbox is not in sync with the Podfile.lock. Run 'pod install' or update your CocoaPods installation.\nEOM\n    exit 1\nfi\n";
			showEnvVarsInLog = 0;
		};
/* End PBXShellScriptBuildPhase section */

/* Begin PBXSourcesBuildPhase section */
		11AECFCA1C2F5EA600A8DCB5 /* Sources */ = {
			isa = PBXSourcesBuildPhase;
			buildActionMask = 2147483647;
			files = (
				110D055B1C30E7B40003C4E9 /* GHContributorModel.m in Sources */,
				110D05A21C313E220003C4E9 /* NSArray+GHIssueModel.m in Sources */,
				110D058E1C3135BC0003C4E9 /* GHTabView.m in Sources */,
				110D056C1C30F7610003C4E9 /* NSArray+GHRepositoryModel.m in Sources */,
				110D05271C30023B0003C4E9 /* GHSearchViewController.m in Sources */,
				110D05541C3099DA0003C4E9 /* GHSearchTableViewCell.m in Sources */,
				110D053A1C30223C0003C4E9 /* GHBaseTableView.m in Sources */,
				110D053D1C3022650003C4E9 /* GHBaseTableViewController.m in Sources */,
				110D05871C3134920003C4E9 /* GHRepositoryContributorsViewController.m in Sources */,
				110D05651C30E9BF0003C4E9 /* NSDictionary+NullCheck.m in Sources */,
				110D051A1C2FF7970003C4E9 /* ProgressHUD.m in Sources */,
				110D055E1C30E7C30003C4E9 /* GHIssueModel.m in Sources */,
				110D05311C3002690003C4E9 /* GHRepositoryListViewController.m in Sources */,
				11AECFF61C2F600500A8DCB5 /* main.m in Sources */,
				110D05411C3025060003C4E9 /* ReachabilityManager.m in Sources */,
				110D05991C3139350003C4E9 /* GHRepositoryIssuesTableViewCell.m in Sources */,
				110D05771C3128EE0003C4E9 /* GHCommon.m in Sources */,
				110D05821C31347A0003C4E9 /* GHRepositoryIssuesViewController.m in Sources */,
				110D05A91C313F4E0003C4E9 /* GHRepositoryManager.m in Sources */,
				110D054A1C3099A90003C4E9 /* GHRepositoryListTableViewCell.m in Sources */,
				110D05941C3135E50003C4E9 /* GHTabViewController.m in Sources */,
				110D052C1C30024E0003C4E9 /* GHRepositoryViewController.m in Sources */,
				110D05691C30F1140003C4E9 /* GHSearchManager.m in Sources */,
				11AECFF91C2F60BF00A8DCB5 /* GHAppDelegate.m in Sources */,
				110D05611C30E7D40003C4E9 /* GHRepositoryModel.m in Sources */,
				110D05A51C313E340003C4E9 /* NSArray+GHContributorModel.m in Sources */,
				110D05221C3002290003C4E9 /* GHRootViewController.m in Sources */,
				110D059E1C3139490003C4E9 /* GHRepositoryContributorsTableViewCell.m in Sources */,
			);
			runOnlyForDeploymentPostprocessing = 0;
		};
/* End PBXSourcesBuildPhase section */

/* Begin XCBuildConfiguration section */
		11AECFE31C2F5EA600A8DCB5 /* Debug */ = {
			isa = XCBuildConfiguration;
			buildSettings = {
				ALWAYS_SEARCH_USER_PATHS = NO;
				CLANG_CXX_LANGUAGE_STANDARD = "gnu++0x";
				CLANG_CXX_LIBRARY = "libc++";
				CLANG_ENABLE_MODULES = YES;
				CLANG_ENABLE_OBJC_ARC = YES;
				CLANG_WARN_BOOL_CONVERSION = YES;
				CLANG_WARN_CONSTANT_CONVERSION = YES;
				CLANG_WARN_DIRECT_OBJC_ISA_USAGE = YES_ERROR;
				CLANG_WARN_EMPTY_BODY = YES;
				CLANG_WARN_ENUM_CONVERSION = YES;
				CLANG_WARN_INT_CONVERSION = YES;
				CLANG_WARN_OBJC_ROOT_CLASS = YES_ERROR;
				CLANG_WARN_UNREACHABLE_CODE = YES;
				CLANG_WARN__DUPLICATE_METHOD_MATCH = YES;
				"CODE_SIGN_IDENTITY[sdk=iphoneos*]" = "iPhone Developer";
				COPY_PHASE_STRIP = NO;
				DEBUG_INFORMATION_FORMAT = dwarf;
				ENABLE_STRICT_OBJC_MSGSEND = YES;
				ENABLE_TESTABILITY = YES;
				GCC_C_LANGUAGE_STANDARD = gnu99;
				GCC_DYNAMIC_NO_PIC = NO;
				GCC_NO_COMMON_BLOCKS = YES;
				GCC_OPTIMIZATION_LEVEL = 0;
				GCC_PREPROCESSOR_DEFINITIONS = (
					"DEBUG=1",
					"$(inherited)",
				);
				GCC_WARN_64_TO_32_BIT_CONVERSION = YES;
				GCC_WARN_ABOUT_RETURN_TYPE = YES_ERROR;
				GCC_WARN_UNDECLARED_SELECTOR = YES;
				GCC_WARN_UNINITIALIZED_AUTOS = YES_AGGRESSIVE;
				GCC_WARN_UNUSED_FUNCTION = YES;
				GCC_WARN_UNUSED_VARIABLE = YES;
				IPHONEOS_DEPLOYMENT_TARGET = 9.1;
				MTL_ENABLE_DEBUG_INFO = YES;
				ONLY_ACTIVE_ARCH = YES;
				SDKROOT = iphoneos;
				TARGETED_DEVICE_FAMILY = "1,2";
			};
			name = Debug;
		};
		11AECFE41C2F5EA600A8DCB5 /* Release */ = {
			isa = XCBuildConfiguration;
			buildSettings = {
				ALWAYS_SEARCH_USER_PATHS = NO;
				CLANG_CXX_LANGUAGE_STANDARD = "gnu++0x";
				CLANG_CXX_LIBRARY = "libc++";
				CLANG_ENABLE_MODULES = YES;
				CLANG_ENABLE_OBJC_ARC = YES;
				CLANG_WARN_BOOL_CONVERSION = YES;
				CLANG_WARN_CONSTANT_CONVERSION = YES;
				CLANG_WARN_DIRECT_OBJC_ISA_USAGE = YES_ERROR;
				CLANG_WARN_EMPTY_BODY = YES;
				CLANG_WARN_ENUM_CONVERSION = YES;
				CLANG_WARN_INT_CONVERSION = YES;
				CLANG_WARN_OBJC_ROOT_CLASS = YES_ERROR;
				CLANG_WARN_UNREACHABLE_CODE = YES;
				CLANG_WARN__DUPLICATE_METHOD_MATCH = YES;
				"CODE_SIGN_IDENTITY[sdk=iphoneos*]" = "iPhone Developer";
				COPY_PHASE_STRIP = NO;
				DEBUG_INFORMATION_FORMAT = "dwarf-with-dsym";
				ENABLE_NS_ASSERTIONS = NO;
				ENABLE_STRICT_OBJC_MSGSEND = YES;
				GCC_C_LANGUAGE_STANDARD = gnu99;
				GCC_NO_COMMON_BLOCKS = YES;
				GCC_WARN_64_TO_32_BIT_CONVERSION = YES;
				GCC_WARN_ABOUT_RETURN_TYPE = YES_ERROR;
				GCC_WARN_UNDECLARED_SELECTOR = YES;
				GCC_WARN_UNINITIALIZED_AUTOS = YES_AGGRESSIVE;
				GCC_WARN_UNUSED_FUNCTION = YES;
				GCC_WARN_UNUSED_VARIABLE = YES;
				IPHONEOS_DEPLOYMENT_TARGET = 9.1;
				MTL_ENABLE_DEBUG_INFO = NO;
				SDKROOT = iphoneos;
				TARGETED_DEVICE_FAMILY = "1,2";
				VALIDATE_PRODUCT = YES;
			};
			name = Release;
		};
		11AECFE61C2F5EA600A8DCB5 /* Debug */ = {
			isa = XCBuildConfiguration;
			baseConfigurationReference = 83E4D4612E6EC63FB93B7552 /* Pods-GitHub-iOS.debug.xcconfig */;
			buildSettings = {
				ASSETCATALOG_COMPILER_APPICON_NAME = AppIcon;
				CODE_SIGN_IDENTITY = "iPhone Developer";
				GCC_INCREASE_PRECOMPILED_HEADER_SHARING = YES;
				GCC_PRECOMPILE_PREFIX_HEADER = YES;
				GCC_PREFIX_HEADER = "GitHub-iOS/Supporting Files/GitHub-iOS-Prefix.pch";
				INFOPLIST_FILE = "$(SRCROOT)/GitHub-iOS/Supporting Files/Info.plist";
				LD_RUNPATH_SEARCH_PATHS = "$(inherited) @executable_path/Frameworks";
				PRODUCT_BUNDLE_IDENTIFIER = "com.alvincrisuy.GitHub-iOS";
				PRODUCT_NAME = "$(TARGET_NAME)";
			};
			name = Debug;
		};
		11AECFE71C2F5EA600A8DCB5 /* Release */ = {
			isa = XCBuildConfiguration;
			baseConfigurationReference = CEE639A9EF15087EC9F25D00 /* Pods-GitHub-iOS.release.xcconfig */;
			buildSettings = {
				ASSETCATALOG_COMPILER_APPICON_NAME = AppIcon;
				CODE_SIGN_IDENTITY = "iPhone Developer";
				GCC_INCREASE_PRECOMPILED_HEADER_SHARING = YES;
				GCC_PRECOMPILE_PREFIX_HEADER = YES;
				GCC_PREFIX_HEADER = "GitHub-iOS/Supporting Files/GitHub-iOS-Prefix.pch";
				INFOPLIST_FILE = "$(SRCROOT)/GitHub-iOS/Supporting Files/Info.plist";
				LD_RUNPATH_SEARCH_PATHS = "$(inherited) @executable_path/Frameworks";
				PRODUCT_BUNDLE_IDENTIFIER = "com.alvincrisuy.GitHub-iOS";
				PRODUCT_NAME = "$(TARGET_NAME)";
			};
			name = Release;
		};
/* End XCBuildConfiguration section */

/* Begin XCConfigurationList section */
		11AECFC91C2F5EA600A8DCB5 /* Build configuration list for PBXProject "GitHub-iOS" */ = {
			isa = XCConfigurationList;
			buildConfigurations = (
				11AECFE31C2F5EA600A8DCB5 /* Debug */,
				11AECFE41C2F5EA600A8DCB5 /* Release */,
			);
			defaultConfigurationIsVisible = 0;
			defaultConfigurationName = Release;
		};
		11AECFE51C2F5EA600A8DCB5 /* Build configuration list for PBXNativeTarget "GitHub-iOS" */ = {
			isa = XCConfigurationList;
			buildConfigurations = (
				11AECFE61C2F5EA600A8DCB5 /* Debug */,
				11AECFE71C2F5EA600A8DCB5 /* Release */,
			);
			defaultConfigurationIsVisible = 0;
			defaultConfigurationName = Release;
		};
/* End XCConfigurationList section */
	};
	rootObject = 11AECFC61C2F5EA600A8DCB5 /* Project object */;
}
